
Microsoft Visual Studio Solution File, Format Version 12.00
# Visual Studio 15
VisualStudioVersion = 15.0.28307.489
MinimumVisualStudioVersion = 10.0.40219.1
Project("{2150E333-8FDC-42A3-9474-1A3956D46DE8}") = "01.AbpMvcPipeline-vs-AspNetMvcPipeline", "01.AbpMvcPipeline-vs-AspNetMvcPipeline", "{EEC8A8E3-66B9-4CE3-9D71-9DDD9001D8F5}"
EndProject
Project("{2150E333-8FDC-42A3-9474-1A3956D46DE8}") = "02.AbpMvcDynamaicApi-vs-AbpMvcApi", "02.AbpMvcDynamaicApi-vs-AbpMvcApi", "{5A625D30-26C0-4D64-8CEB-18C1BCBA3904}"
EndProject
Project("{2150E333-8FDC-42A3-9474-1A3956D46DE8}") = "03.AbpMvcFullFeature-vs-AbpMvcHighPerformace", "03.AbpMvcFullFeature-vs-AbpMvcHighPerformace", "{D9CF6CEC-D14D-471E-8211-EA7E87C73DE2}"
EndProject
Project("{FAE04EC0-301F-11D3-BF4B-00C04F79EFBC}") = "AspNetCoreWebAppHost", "src\AspNetCoreWebAppHost\AspNetCoreWebAppHost.csproj", "{3A7DEC26-2FAB-4B83-A615-F629372D0A6F}"
EndProject
Project("{FAE04EC0-301F-11D3-BF4B-00C04F79EFBC}") = "AbpWebAppHost", "src\AbpWebAppHost\AbpWebAppHost.csproj", "{6AD75D3C-B1BB-4C94-B711-9862517AD481}"
EndProject
Project("{FAE04EC0-301F-11D3-BF4B-00C04F79EFBC}") = "Boss.AbpWebApi.Application", "src\Boss.AbpWebApi.Application\Boss.AbpWebApi.Application.csproj", "{934A82AB-79E6-4D2B-A480-FFE93104AB19}"
EndProject
Project("{FAE04EC0-301F-11D3-BF4B-00C04F79EFBC}") = "Boss.AbpWebApi.Host", "src\Boss.AbpWebApi.Host\Boss.AbpWebApi.Host.csproj", "{126445DA-6D81-40CE-A7D4-11980E5E609B}"
EndProject
Project("{9A19103F-16F7-4668-BE54-9A1E7A4F7556}") = "Boss.AbpWebApi.Application.Contracts", "src\Boss.AbpWebApi.Application.Contracts\Boss.AbpWebApi.Application.Contracts.csproj", "{7946AEE8-A3A0-4F3B-9234-2D2541A68441}"
EndProject
Project("{2150E333-8FDC-42A3-9474-1A3956D46DE8}") = "FullFeature", "FullFeature", "{4FB500CC-AB80-4DBD-9BA5-9F97A25AE9DD}"
EndProject
Project("{2150E333-8FDC-42A3-9474-1A3956D46DE8}") = "HighPerformance", "HighPerformance", "{AB36EDF4-E3D4-40E2-B494-25D43DDF63C4}"
EndProject
Project("{2150E333-8FDC-42A3-9474-1A3956D46DE8}") = "host", "host", "{B3804225-E8ED-4693-AB6D-C90985BE37A5}"
EndProject
Project("{2150E333-8FDC-42A3-9474-1A3956D46DE8}") = "src", "src", "{206F2983-3C88-412C-AACC-C4776283F088}"
EndProject
Project("{9A19103F-16F7-4668-BE54-9A1E7A4F7556}") = "Boss.OrderCenter.Host.Shared", "src\Boss.OrderCenter\host\Boss.OrderCenter.Host.Shared\Boss.OrderCenter.Host.Shared.csproj", "{99B03493-A294-4CA7-8104-F8EC2D8CEF81}"
EndProject
Project("{9A19103F-16F7-4668-BE54-9A1E7A4F7556}") = "Boss.OrderCenter.HttpApi.Host", "src\Boss.OrderCenter\host\Boss.OrderCenter.HttpApi.Host\Boss.OrderCenter.HttpApi.Host.csproj", "{A9827284-29C3-4900-98C2-AAEEEEE1AFC4}"
EndProject
Project("{9A19103F-16F7-4668-BE54-9A1E7A4F7556}") = "Boss.OrderCenter.Application", "src\Boss.OrderCenter\src\Boss.OrderCenter.Application\Boss.OrderCenter.Application.csproj", "{EE7B8257-AF0C-47D6-8B33-7F955891BA43}"
EndProject
Project("{9A19103F-16F7-4668-BE54-9A1E7A4F7556}") = "Boss.OrderCenter.Application.Contracts", "src\Boss.OrderCenter\src\Boss.OrderCenter.Application.Contracts\Boss.OrderCenter.Application.Contracts.csproj", "{6D94D8F8-6CA6-48D6-B1AE-47E1EA9937DB}"
EndProject
Project("{9A19103F-16F7-4668-BE54-9A1E7A4F7556}") = "Boss.OrderCenter.Domain", "src\Boss.OrderCenter\src\Boss.OrderCenter.Domain\Boss.OrderCenter.Domain.csproj", "{26DD421F-DE00-4C0D-A6FB-1DA7E7060BDA}"
EndProject
Project("{9A19103F-16F7-4668-BE54-9A1E7A4F7556}") = "Boss.OrderCenter.Domain.Shared", "src\Boss.OrderCenter\src\Boss.OrderCenter.Domain.Shared\Boss.OrderCenter.Domain.Shared.csproj", "{732B9A3C-0F89-422E-A1FD-2A38B4A7DE54}"
EndProject
Project("{9A19103F-16F7-4668-BE54-9A1E7A4F7556}") = "Boss.OrderCenter.EntityFrameworkCore", "src\Boss.OrderCenter\src\Boss.OrderCenter.EntityFrameworkCore\Boss.OrderCenter.EntityFrameworkCore.csproj", "{A3CDE937-8ED7-4864-8827-B83F031FD2D4}"
EndProject
Project("{9A19103F-16F7-4668-BE54-9A1E7A4F7556}") = "Boss.OrderCenter.HttpApi", "src\Boss.OrderCenter\src\Boss.OrderCenter.HttpApi\Boss.OrderCenter.HttpApi.csproj", "{1742052E-95A1-43E1-953B-6E0EFA7CD7AE}"
EndProject
Project("{9A19103F-16F7-4668-BE54-9A1E7A4F7556}") = "Boss.OrderCenter.HttpApi.Client", "src\Boss.OrderCenter\src\Boss.OrderCenter.HttpApi.Client\Boss.OrderCenter.HttpApi.Client.csproj", "{BDD2B735-5B51-4BE5-8B00-58AA45A584C8}"
EndProject
Project("{2150E333-8FDC-42A3-9474-1A3956D46DE8}") = "host", "host", "{45C8CABA-D41A-4EB1-80AD-DFC23E1F3834}"
EndProject
Project("{2150E333-8FDC-42A3-9474-1A3956D46DE8}") = "src", "src", "{DF6E110B-B1F0-462E-92EC-A71238DE0EA5}"
EndProject
Project("{9A19103F-16F7-4668-BE54-9A1E7A4F7556}") = "Boss.ClouldItems.Host.Shared", "src\Boss.ClouldItems\host\Boss.ClouldItems.Host.Shared\Boss.ClouldItems.Host.Shared.csproj", "{817FDAE9-FC0F-408A-BBAD-DD4AD1BEE738}"
EndProject
Project("{9A19103F-16F7-4668-BE54-9A1E7A4F7556}") = "Boss.ClouldItems.HttpApi.Host", "src\Boss.ClouldItems\host\Boss.ClouldItems.HttpApi.Host\Boss.ClouldItems.HttpApi.Host.csproj", "{303EC2ED-2898-4713-A15A-1459FF829999}"
EndProject
Project("{9A19103F-16F7-4668-BE54-9A1E7A4F7556}") = "Boss.ClouldItems.Application", "src\Boss.ClouldItems\src\Boss.ClouldItems.Application\Boss.ClouldItems.Application.csproj", "{2F186487-69D1-4C5E-9662-5654924454BB}"
EndProject
Project("{9A19103F-16F7-4668-BE54-9A1E7A4F7556}") = "Boss.ClouldItems.Application.Contracts", "src\Boss.ClouldItems\src\Boss.ClouldItems.Application.Contracts\Boss.ClouldItems.Application.Contracts.csproj", "{78096932-71B3-4AD8-92C8-58A3FFEA1A6E}"
EndProject
Project("{9A19103F-16F7-4668-BE54-9A1E7A4F7556}") = "Boss.ClouldItems.Domain", "src\Boss.ClouldItems\src\Boss.ClouldItems.Domain\Boss.ClouldItems.Domain.csproj", "{50C6DF08-4446-4771-9F76-F2D72447ACBB}"
EndProject
Project("{9A19103F-16F7-4668-BE54-9A1E7A4F7556}") = "Boss.ClouldItems.Domain.Shared", "src\Boss.ClouldItems\src\Boss.ClouldItems.Domain.Shared\Boss.ClouldItems.Domain.Shared.csproj", "{F32CE904-4B7C-42CC-89C7-DE012B8E6ECC}"
EndProject
Project("{9A19103F-16F7-4668-BE54-9A1E7A4F7556}") = "Boss.ClouldItems.EntityFrameworkCore", "src\Boss.ClouldItems\src\Boss.ClouldItems.EntityFrameworkCore\Boss.ClouldItems.EntityFrameworkCore.csproj", "{1DD7960A-947F-4287-9949-4A3BC1F98298}"
EndProject
Project("{9A19103F-16F7-4668-BE54-9A1E7A4F7556}") = "Boss.ClouldItems.HttpApi", "src\Boss.ClouldItems\src\Boss.ClouldItems.HttpApi\Boss.ClouldItems.HttpApi.csproj", "{34A04D22-0626-4CCD-A04C-8AA4AC8DD439}"
EndProject
Project("{9A19103F-16F7-4668-BE54-9A1E7A4F7556}") = "Boss.ClouldItems.HttpApi.Client", "src\Boss.ClouldItems\src\Boss.ClouldItems.HttpApi.Client\Boss.ClouldItems.HttpApi.Client.csproj", "{9E61BA70-6A41-40F2-94B7-3B5A54CD6313}"
EndProject
Global
	GlobalSection(SolutionConfigurationPlatforms) = preSolution
		Debug|Any CPU = Debug|Any CPU
		Release|Any CPU = Release|Any CPU
	EndGlobalSection
	GlobalSection(ProjectConfigurationPlatforms) = postSolution
		{3A7DEC26-2FAB-4B83-A615-F629372D0A6F}.Debug|Any CPU.ActiveCfg = Debug|Any CPU
		{3A7DEC26-2FAB-4B83-A615-F629372D0A6F}.Debug|Any CPU.Build.0 = Debug|Any CPU
		{3A7DEC26-2FAB-4B83-A615-F629372D0A6F}.Release|Any CPU.ActiveCfg = Release|Any CPU
		{3A7DEC26-2FAB-4B83-A615-F629372D0A6F}.Release|Any CPU.Build.0 = Release|Any CPU
		{6AD75D3C-B1BB-4C94-B711-9862517AD481}.Debug|Any CPU.ActiveCfg = Debug|Any CPU
		{6AD75D3C-B1BB-4C94-B711-9862517AD481}.Debug|Any CPU.Build.0 = Debug|Any CPU
		{6AD75D3C-B1BB-4C94-B711-9862517AD481}.Release|Any CPU.ActiveCfg = Release|Any CPU
		{6AD75D3C-B1BB-4C94-B711-9862517AD481}.Release|Any CPU.Build.0 = Release|Any CPU
		{934A82AB-79E6-4D2B-A480-FFE93104AB19}.Debug|Any CPU.ActiveCfg = Debug|Any CPU
		{934A82AB-79E6-4D2B-A480-FFE93104AB19}.Debug|Any CPU.Build.0 = Debug|Any CPU
		{934A82AB-79E6-4D2B-A480-FFE93104AB19}.Release|Any CPU.ActiveCfg = Release|Any CPU
		{934A82AB-79E6-4D2B-A480-FFE93104AB19}.Release|Any CPU.Build.0 = Release|Any CPU
		{126445DA-6D81-40CE-A7D4-11980E5E609B}.Debug|Any CPU.ActiveCfg = Debug|Any CPU
		{126445DA-6D81-40CE-A7D4-11980E5E609B}.Debug|Any CPU.Build.0 = Debug|Any CPU
		{126445DA-6D81-40CE-A7D4-11980E5E609B}.Release|Any CPU.ActiveCfg = Release|Any CPU
		{126445DA-6D81-40CE-A7D4-11980E5E609B}.Release|Any CPU.Build.0 = Release|Any CPU
		{7946AEE8-A3A0-4F3B-9234-2D2541A68441}.Debug|Any CPU.ActiveCfg = Debug|Any CPU
		{7946AEE8-A3A0-4F3B-9234-2D2541A68441}.Debug|Any CPU.Build.0 = Debug|Any CPU
		{7946AEE8-A3A0-4F3B-9234-2D2541A68441}.Release|Any CPU.ActiveCfg = Release|Any CPU
		{7946AEE8-A3A0-4F3B-9234-2D2541A68441}.Release|Any CPU.Build.0 = Release|Any CPU
		{99B03493-A294-4CA7-8104-F8EC2D8CEF81}.Debug|Any CPU.ActiveCfg = Debug|Any CPU
		{99B03493-A294-4CA7-8104-F8EC2D8CEF81}.Debug|Any CPU.Build.0 = Debug|Any CPU
		{99B03493-A294-4CA7-8104-F8EC2D8CEF81}.Release|Any CPU.ActiveCfg = Release|Any CPU
		{99B03493-A294-4CA7-8104-F8EC2D8CEF81}.Release|Any CPU.Build.0 = Release|Any CPU
		{A9827284-29C3-4900-98C2-AAEEEEE1AFC4}.Debug|Any CPU.ActiveCfg = Debug|Any CPU
		{A9827284-29C3-4900-98C2-AAEEEEE1AFC4}.Debug|Any CPU.Build.0 = Debug|Any CPU
		{A9827284-29C3-4900-98C2-AAEEEEE1AFC4}.Release|Any CPU.ActiveCfg = Release|Any CPU
		{A9827284-29C3-4900-98C2-AAEEEEE1AFC4}.Release|Any CPU.Build.0 = Release|Any CPU
		{EE7B8257-AF0C-47D6-8B33-7F955891BA43}.Debug|Any CPU.ActiveCfg = Debug|Any CPU
		{EE7B8257-AF0C-47D6-8B33-7F955891BA43}.Debug|Any CPU.Build.0 = Debug|Any CPU
		{EE7B8257-AF0C-47D6-8B33-7F955891BA43}.Release|Any CPU.ActiveCfg = Release|Any CPU
		{EE7B8257-AF0C-47D6-8B33-7F955891BA43}.Release|Any CPU.Build.0 = Release|Any CPU
		{6D94D8F8-6CA6-48D6-B1AE-47E1EA9937DB}.Debug|Any CPU.ActiveCfg = Debug|Any CPU
		{6D94D8F8-6CA6-48D6-B1AE-47E1EA9937DB}.Debug|Any CPU.Build.0 = Debug|Any CPU
		{6D94D8F8-6CA6-48D6-B1AE-47E1EA9937DB}.Release|Any CPU.ActiveCfg = Release|Any CPU
		{6D94D8F8-6CA6-48D6-B1AE-47E1EA9937DB}.Release|Any CPU.Build.0 = Release|Any CPU
		{26DD421F-DE00-4C0D-A6FB-1DA7E7060BDA}.Debug|Any CPU.ActiveCfg = Debug|Any CPU
		{26DD421F-DE00-4C0D-A6FB-1DA7E7060BDA}.Debug|Any CPU.Build.0 = Debug|Any CPU
		{26DD421F-DE00-4C0D-A6FB-1DA7E7060BDA}.Release|Any CPU.ActiveCfg = Release|Any CPU
		{26DD421F-DE00-4C0D-A6FB-1DA7E7060BDA}.Release|Any CPU.Build.0 = Release|Any CPU
		{732B9A3C-0F89-422E-A1FD-2A38B4A7DE54}.Debug|Any CPU.ActiveCfg = Debug|Any CPU
		{732B9A3C-0F89-422E-A1FD-2A38B4A7DE54}.Debug|Any CPU.Build.0 = Debug|Any CPU
		{732B9A3C-0F89-422E-A1FD-2A38B4A7DE54}.Release|Any CPU.ActiveCfg = Release|Any CPU
		{732B9A3C-0F89-422E-A1FD-2A38B4A7DE54}.Release|Any CPU.Build.0 = Release|Any CPU
		{A3CDE937-8ED7-4864-8827-B83F031FD2D4}.Debug|Any CPU.ActiveCfg = Debug|Any CPU
		{A3CDE937-8ED7-4864-8827-B83F031FD2D4}.Debug|Any CPU.Build.0 = Debug|Any CPU
		{A3CDE937-8ED7-4864-8827-B83F031FD2D4}.Release|Any CPU.ActiveCfg = Release|Any CPU
		{A3CDE937-8ED7-4864-8827-B83F031FD2D4}.Release|Any CPU.Build.0 = Release|Any CPU
		{1742052E-95A1-43E1-953B-6E0EFA7CD7AE}.Debug|Any CPU.ActiveCfg = Debug|Any CPU
		{1742052E-95A1-43E1-953B-6E0EFA7CD7AE}.Debug|Any CPU.Build.0 = Debug|Any CPU
		{1742052E-95A1-43E1-953B-6E0EFA7CD7AE}.Release|Any CPU.ActiveCfg = Release|Any CPU
		{1742052E-95A1-43E1-953B-6E0EFA7CD7AE}.Release|Any CPU.Build.0 = Release|Any CPU
		{BDD2B735-5B51-4BE5-8B00-58AA45A584C8}.Debug|Any CPU.ActiveCfg = Debug|Any CPU
		{BDD2B735-5B51-4BE5-8B00-58AA45A584C8}.Debug|Any CPU.Build.0 = Debug|Any CPU
		{BDD2B735-5B51-4BE5-8B00-58AA45A584C8}.Release|Any CPU.ActiveCfg = Release|Any CPU
		{BDD2B735-5B51-4BE5-8B00-58AA45A584C8}.Release|Any CPU.Build.0 = Release|Any CPU
		{817FDAE9-FC0F-408A-BBAD-DD4AD1BEE738}.Debug|Any CPU.ActiveCfg = Debug|Any CPU
		{817FDAE9-FC0F-408A-BBAD-DD4AD1BEE738}.Debug|Any CPU.Build.0 = Debug|Any CPU
		{817FDAE9-FC0F-408A-BBAD-DD4AD1BEE738}.Release|Any CPU.ActiveCfg = Release|Any CPU
		{817FDAE9-FC0F-408A-BBAD-DD4AD1BEE738}.Release|Any CPU.Build.0 = Release|Any CPU
		{303EC2ED-2898-4713-A15A-1459FF829999}.Debug|Any CPU.ActiveCfg = Debug|Any CPU
		{303EC2ED-2898-4713-A15A-1459FF829999}.Debug|Any CPU.Build.0 = Debug|Any CPU
		{303EC2ED-2898-4713-A15A-1459FF829999}.Release|Any CPU.ActiveCfg = Release|Any CPU
		{303EC2ED-2898-4713-A15A-1459FF829999}.Release|Any CPU.Build.0 = Release|Any CPU
		{2F186487-69D1-4C5E-9662-5654924454BB}.Debug|Any CPU.ActiveCfg = Debug|Any CPU
		{2F186487-69D1-4C5E-9662-5654924454BB}.Debug|Any CPU.Build.0 = Debug|Any CPU
		{2F186487-69D1-4C5E-9662-5654924454BB}.Release|Any CPU.ActiveCfg = Release|Any CPU
		{2F186487-69D1-4C5E-9662-5654924454BB}.Release|Any CPU.Build.0 = Release|Any CPU
		{78096932-71B3-4AD8-92C8-58A3FFEA1A6E}.Debug|Any CPU.ActiveCfg = Debug|Any CPU
		{78096932-71B3-4AD8-92C8-58A3FFEA1A6E}.Debug|Any CPU.Build.0 = Debug|Any CPU
		{78096932-71B3-4AD8-92C8-58A3FFEA1A6E}.Release|Any CPU.ActiveCfg = Release|Any CPU
		{78096932-71B3-4AD8-92C8-58A3FFEA1A6E}.Release|Any CPU.Build.0 = Release|Any CPU
		{50C6DF08-4446-4771-9F76-F2D72447ACBB}.Debug|Any CPU.ActiveCfg = Debug|Any CPU
		{50C6DF08-4446-4771-9F76-F2D72447ACBB}.Debug|Any CPU.Build.0 = Debug|Any CPU
		{50C6DF08-4446-4771-9F76-F2D72447ACBB}.Release|Any CPU.ActiveCfg = Release|Any CPU
		{50C6DF08-4446-4771-9F76-F2D72447ACBB}.Release|Any CPU.Build.0 = Release|Any CPU
		{F32CE904-4B7C-42CC-89C7-DE012B8E6ECC}.Debug|Any CPU.ActiveCfg = Debug|Any CPU
		{F32CE904-4B7C-42CC-89C7-DE012B8E6ECC}.Debug|Any CPU.Build.0 = Debug|Any CPU
		{F32CE904-4B7C-42CC-89C7-DE012B8E6ECC}.Release|Any CPU.ActiveCfg = Release|Any CPU
		{F32CE904-4B7C-42CC-89C7-DE012B8E6ECC}.Release|Any CPU.Build.0 = Release|Any CPU
		{1DD7960A-947F-4287-9949-4A3BC1F98298}.Debug|Any CPU.ActiveCfg = Debug|Any CPU
		{1DD7960A-947F-4287-9949-4A3BC1F98298}.Debug|Any CPU.Build.0 = Debug|Any CPU
		{1DD7960A-947F-4287-9949-4A3BC1F98298}.Release|Any CPU.ActiveCfg = Release|Any CPU
		{1DD7960A-947F-4287-9949-4A3BC1F98298}.Release|Any CPU.Build.0 = Release|Any CPU
		{34A04D22-0626-4CCD-A04C-8AA4AC8DD439}.Debug|Any CPU.ActiveCfg = Debug|Any CPU
		{34A04D22-0626-4CCD-A04C-8AA4AC8DD439}.Debug|Any CPU.Build.0 = Debug|Any CPU
		{34A04D22-0626-4CCD-A04C-8AA4AC8DD439}.Release|Any CPU.ActiveCfg = Release|Any CPU
		{34A04D22-0626-4CCD-A04C-8AA4AC8DD439}.Release|Any CPU.Build.0 = Release|Any CPU
		{9E61BA70-6A41-40F2-94B7-3B5A54CD6313}.Debug|Any CPU.ActiveCfg = Debug|Any CPU
		{9E61BA70-6A41-40F2-94B7-3B5A54CD6313}.Debug|Any CPU.Build.0 = Debug|Any CPU
		{9E61BA70-6A41-40F2-94B7-3B5A54CD6313}.Release|Any CPU.ActiveCfg = Release|Any CPU
		{9E61BA70-6A41-40F2-94B7-3B5A54CD6313}.Release|Any CPU.Build.0 = Release|Any CPU
	EndGlobalSection
	GlobalSection(SolutionProperties) = preSolution
		HideSolutionNode = FALSE
	EndGlobalSection
	GlobalSection(NestedProjects) = preSolution
		{3A7DEC26-2FAB-4B83-A615-F629372D0A6F} = {EEC8A8E3-66B9-4CE3-9D71-9DDD9001D8F5}
		{6AD75D3C-B1BB-4C94-B711-9862517AD481} = {EEC8A8E3-66B9-4CE3-9D71-9DDD9001D8F5}
		{934A82AB-79E6-4D2B-A480-FFE93104AB19} = {5A625D30-26C0-4D64-8CEB-18C1BCBA3904}
		{126445DA-6D81-40CE-A7D4-11980E5E609B} = {5A625D30-26C0-4D64-8CEB-18C1BCBA3904}
		{7946AEE8-A3A0-4F3B-9234-2D2541A68441} = {5A625D30-26C0-4D64-8CEB-18C1BCBA3904}
		{4FB500CC-AB80-4DBD-9BA5-9F97A25AE9DD} = {D9CF6CEC-D14D-471E-8211-EA7E87C73DE2}
		{AB36EDF4-E3D4-40E2-B494-25D43DDF63C4} = {D9CF6CEC-D14D-471E-8211-EA7E87C73DE2}
		{B3804225-E8ED-4693-AB6D-C90985BE37A5} = {4FB500CC-AB80-4DBD-9BA5-9F97A25AE9DD}
		{206F2983-3C88-412C-AACC-C4776283F088} = {4FB500CC-AB80-4DBD-9BA5-9F97A25AE9DD}
		{99B03493-A294-4CA7-8104-F8EC2D8CEF81} = {B3804225-E8ED-4693-AB6D-C90985BE37A5}
		{A9827284-29C3-4900-98C2-AAEEEEE1AFC4} = {B3804225-E8ED-4693-AB6D-C90985BE37A5}
		{EE7B8257-AF0C-47D6-8B33-7F955891BA43} = {206F2983-3C88-412C-AACC-C4776283F088}
		{6D94D8F8-6CA6-48D6-B1AE-47E1EA9937DB} = {206F2983-3C88-412C-AACC-C4776283F088}
		{26DD421F-DE00-4C0D-A6FB-1DA7E7060BDA} = {206F2983-3C88-412C-AACC-C4776283F088}
		{732B9A3C-0F89-422E-A1FD-2A38B4A7DE54} = {206F2983-3C88-412C-AACC-C4776283F088}
		{A3CDE937-8ED7-4864-8827-B83F031FD2D4} = {206F2983-3C88-412C-AACC-C4776283F088}
		{1742052E-95A1-43E1-953B-6E0EFA7CD7AE} = {206F2983-3C88-412C-AACC-C4776283F088}
		{BDD2B735-5B51-4BE5-8B00-58AA45A584C8} = {206F2983-3C88-412C-AACC-C4776283F088}
		{45C8CABA-D41A-4EB1-80AD-DFC23E1F3834} = {AB36EDF4-E3D4-40E2-B494-25D43DDF63C4}
		{DF6E110B-B1F0-462E-92EC-A71238DE0EA5} = {AB36EDF4-E3D4-40E2-B494-25D43DDF63C4}
		{817FDAE9-FC0F-408A-BBAD-DD4AD1BEE738} = {45C8CABA-D41A-4EB1-80AD-DFC23E1F3834}
		{303EC2ED-2898-4713-A15A-1459FF829999} = {45C8CABA-D41A-4EB1-80AD-DFC23E1F3834}
		{2F186487-69D1-4C5E-9662-5654924454BB} = {DF6E110B-B1F0-462E-92EC-A71238DE0EA5}
		{78096932-71B3-4AD8-92C8-58A3FFEA1A6E} = {DF6E110B-B1F0-462E-92EC-A71238DE0EA5}
		{50C6DF08-4446-4771-9F76-F2D72447ACBB} = {DF6E110B-B1F0-462E-92EC-A71238DE0EA5}
		{F32CE904-4B7C-42CC-89C7-DE012B8E6ECC} = {DF6E110B-B1F0-462E-92EC-A71238DE0EA5}
		{1DD7960A-947F-4287-9949-4A3BC1F98298} = {DF6E110B-B1F0-462E-92EC-A71238DE0EA5}
		{34A04D22-0626-4CCD-A04C-8AA4AC8DD439} = {DF6E110B-B1F0-462E-92EC-A71238DE0EA5}
		{9E61BA70-6A41-40F2-94B7-3B5A54CD6313} = {DF6E110B-B1F0-462E-92EC-A71238DE0EA5}
	EndGlobalSection
	GlobalSection(ExtensibilityGlobals) = postSolution
		SolutionGuid = {4C5BA054-1314-43FB-978A-FC91FE59AD60}
	EndGlobalSection
EndGlobal
